
Microsoft Visual Studio Solution File, Format Version 12.00
# Visual Studio 15
VisualStudioVersion = 15.0.26228.4
MinimumVisualStudioVersion = 10.0.40219.1
Project("{FAE04EC0-301F-11D3-BF4B-00C04F79EFBC}") = "WindowsFormsApp1", "WindowsFormsApp1\WindowsFormsApp1.csproj", "{316D63F1-F631-423B-B88B-EB629E45202D}"
EndProject
Project("{2150E333-8FDC-42A3-9474-1A3956D46DE8}") = "Solution Items", "Solution Items", "{7F5F2480-25D8-423E-BD5A-3A645EAADC9F}"
	ProjectSection(SolutionItems) = preProject
		..\..\..\..\Desktop\speech to text-9c67c05999d1.json = ..\..\..\..\Desktop\speech to text-9c67c05999d1.json
		..\..\..\..\Downloads\WavSplitter-master\WavSplitter-master\WavSplitter\WaveUtils.cs = ..\..\..\..\Downloads\WavSplitter-master\WavSplitter-master\WavSplitter\WaveUtils.cs
	EndProjectSection
EndProject
Global
	GlobalSection(SolutionConfigurationPlatforms) = preSolution
		Debug|Any CPU = Debug|Any CPU
		Release|Any CPU = Release|Any CPU
	EndGlobalSection
	GlobalSection(ProjectConfigurationPlatforms) = postSolution
		{316D63F1-F631-423B-B88B-EB629E45202D}.Debug|Any CPU.ActiveCfg = Debug|Any CPU
		{316D63F1-F631-423B-B88B-EB629E45202D}.Debug|Any CPU.Build.0 = Debug|Any CPU
		{316D63F1-F631-423B-B88B-EB629E45202D}.Release|Any CPU.ActiveCfg = Release|Any CPU
		{316D63F1-F631-423B-B88B-EB629E45202D}.Release|Any CPU.Build.0 = Release|Any CPU
	EndGlobalSection
	GlobalSection(SolutionProperties) = preSolution
		HideSolutionNode = FALSE
	EndGlobalSection
EndGlobal
